
Microsoft Visual Studio Solution File, Format Version 12.00
# Visual Studio 2013
VisualStudioVersion = 12.0.30501.0
MinimumVisualStudioVersion = 10.0.40219.1
Project("{FAE04EC0-301F-11D3-BF4B-00C04F79EFBC}") = "DataMuddle", "DataMuddle\DataMuddle.csproj", "{CE01467A-E9C9-48E1-99F6-FDEAE09C7802}"
EndProject
Project("{FAE04EC0-301F-11D3-BF4B-00C04F79EFBC}") = "DataMuddle-Test", "DataMuddle-Test\DataMuddle-Test.csproj", "{8F0A6188-2F96-4CA2-BD16-E4EABFEF44ED}"
EndProject
Global
	GlobalSection(SolutionConfigurationPlatforms) = preSolution
		Debug|Any CPU = Debug|Any CPU
		Release|Any CPU = Release|Any CPU
	EndGlobalSection
	GlobalSection(ProjectConfigurationPlatforms) = postSolution
		{CE01467A-E9C9-48E1-99F6-FDEAE09C7802}.Debug|Any CPU.ActiveCfg = Debug|Any CPU
		{CE01467A-E9C9-48E1-99F6-FDEAE09C7802}.Debug|Any CPU.Build.0 = Debug|Any CPU
		{CE01467A-E9C9-48E1-99F6-FDEAE09C7802}.Release|Any CPU.ActiveCfg = Release|Any CPU
		{CE01467A-E9C9-48E1-99F6-FDEAE09C7802}.Release|Any CPU.Build.0 = Release|Any CPU
		{8F0A6188-2F96-4CA2-BD16-E4EABFEF44ED}.Debug|Any CPU.ActiveCfg = Debug|Any CPU
		{8F0A6188-2F96-4CA2-BD16-E4EABFEF44ED}.Debug|Any CPU.Build.0 = Debug|Any CPU
		{8F0A6188-2F96-4CA2-BD16-E4EABFEF44ED}.Release|Any CPU.ActiveCfg = Release|Any CPU
		{8F0A6188-2F96-4CA2-BD16-E4EABFEF44ED}.Release|Any CPU.Build.0 = Release|Any CPU
	EndGlobalSection
	GlobalSection(SolutionProperties) = preSolution
		HideSolutionNode = FALSE
	EndGlobalSection
EndGlobal
